<?xml version="1.0" encoding="utf-8"?>
<Project ToolsVersion="4.0" xmlns="http://schemas.microsoft.com/developer/msbuild/2003">
  <ItemGroup>
    <Filter Include="Archivos de código fuente">
      <UniqueIdentifier>{4FC737F1-C7A5-4376-A066-2A32D752A2FF}</UniqueIdentifier>
      <Extensions>cpp;c;cc;cxx;def;odl;idl;hpj;bat;asm;asmx</Extensions>
    </Filter>
    <Filter Include="Archivos de encabezado">
      <UniqueIdentifier>{93995380-89BD-4b04-88EB-625FBE52EBFB}</UniqueIdentifier>
      <Extensions>h;hh;hpp;hxx;hm;inl;inc;xsd</Extensions>
    </Filter>
    <Filter Include="Archivos de recursos">
      <UniqueIdentifier>{67DA6AB6-F800-4c08-8B7A-83BB121AAD01}</UniqueIdentifier>
      <Extensions>rc;ico;cur;bmp;dlg;rc2;rct;bin;rgs;gif;jpg;jpeg;jpe;resx;tiff;tif;png;wav;mfcribbon-ms</Extensions>
    </Filter>
    <Filter Include="PackageTracking">
      <UniqueIdentifier>{1c8db546-c347-44e4-9549-f51f0de566c8}</UniqueIdentifier>
    </Filter>
    <Filter Include="PeopleCounter">
      <UniqueIdentifier>{3588ae55-a9e7-4729-bd59-2bd5cedfc9f0}</UniqueIdentifier>
    </Filter>
    <Filter Include="PackageBGS">
      <UniqueIdentifier>{cc06fdbd-9788-45bb-84f0-f12aed968609}</UniqueIdentifier>
    </Filter>
  </ItemGroup>
  <ItemGroup>
    <ClCompile Include="Main.cpp">
      <Filter>Archivos de código fuente</Filter>
    </ClCompile>
    <ClCompile Include="Ventana.cpp">
      <Filter>Archivos de código fuente</Filter>
    </ClCompile>
    <ClCompile Include="cvBlob\cvblob.cpp">
      <Filter>Archivos de recursos</Filter>
    </ClCompile>
    <ClCompile Include="cvBlob\cvlabel.cpp">
      <Filter>Archivos de recursos</Filter>
    </ClCompile>
    <ClCompile Include="cvBlob\cvtrack.cpp">
      <Filter>Archivos de recursos</Filter>
    </ClCompile>
    <ClCompile Include="package_tracking\BlobTracking.cpp">
      <Filter>PackageTracking</Filter>
    </ClCompile>
    <ClCompile Include="people_counter\people_counting.cpp">
      <Filter>PeopleCounter</Filter>
    </ClCompile>
    <ClCompile Include="PBAS\PBAS.cpp">
      <Filter>PackageBGS</Filter>
    </ClCompile>
    <ClCompile Include="PBAS\PixelBasedAdaptiveSegmenter.cpp">
      <Filter>PackageBGS</Filter>
    </ClCompile>
  </ItemGroup>
  <ItemGroup>
    <ClInclude Include="Ventana.h">
      <Filter>Archivos de encabezado</Filter>
    </ClInclude>
    <ClInclude Include="cvBlob\cvblob.h">
      <Filter>Archivos de encabezado</Filter>
    </ClInclude>
    <ClInclude Include="PeopleCounter\people_counting.h">
      <Filter>PeopleCounter</Filter>
    </ClInclude>
    <ClInclude Include="package_tracking\BlobTracking.h">
      <Filter>PackageTracking</Filter>
    </ClInclude>
    <ClInclude Include="IBGS.h">
      <Filter>Archivos de encabezado</Filter>
    </ClInclude>
    <ClInclude Include="PBAS\PBAS.h">
      <Filter>PackageBGS</Filter>
    </ClInclude>
    <ClInclude Include="PBAS\PixelBasedAdaptiveSegmenter.h">
      <Filter>PackageBGS</Filter>
    </ClInclude>
  </ItemGroup>
  <ItemGroup>
    <EmbeddedResource Include="Ventana.resx">
      <Filter>Archivos de recursos</Filter>
    </EmbeddedResource>
  </ItemGroup>
</Project>